
Microsoft Visual Studio Solution File, Format Version 12.00
# Visual Studio Version 16
VisualStudioVersion = 16.0.30523.141
MinimumVisualStudioVersion = 10.0.40219.1
Project("{FAE04EC0-301F-11D3-BF4B-00C04F79EFBC}") = "Bazzar Prj", "Bazzar Prj\Bazzar Prj.csproj", "{835673DF-2322-431E-973A-4FA05A2D120E}"
EndProject
Global
	GlobalSection(SolutionConfigurationPlatforms) = preSolution
		Debug|Any CPU = Debug|Any CPU
		Release|Any CPU = Release|Any CPU
	EndGlobalSection
	GlobalSection(ProjectConfigurationPlatforms) = postSolution
		{835673DF-2322-431E-973A-4FA05A2D120E}.Debug|Any CPU.ActiveCfg = Debug|Any CPU
		{835673DF-2322-431E-973A-4FA05A2D120E}.Debug|Any CPU.Build.0 = Debug|Any CPU
		{835673DF-2322-431E-973A-4FA05A2D120E}.Release|Any CPU.ActiveCfg = Release|Any CPU
		{835673DF-2322-431E-973A-4FA05A2D120E}.Release|Any CPU.Build.0 = Release|Any CPU
	EndGlobalSection
	GlobalSection(SolutionProperties) = preSolution
		HideSolutionNode = FALSE
	EndGlobalSection
	GlobalSection(ExtensibilityGlobals) = postSolution
		SolutionGuid = {B00010E4-47EE-426B-A9E4-0AD9D148A0F4}
	EndGlobalSection
EndGlobal
